
Microsoft Visual Studio Solution File, Format Version 12.00
# Visual Studio Version 16
VisualStudioVersion = 16.0.29519.181
MinimumVisualStudioVersion = 10.0.40219.1
Project("{9A19103F-16F7-4668-BE54-9A1E7A4F7556}") = "Demo", "Demo\Demo.csproj", "{0C60B8F7-4B8A-49F8-894C-C675D370F380}"
EndProject
Project("{9A19103F-16F7-4668-BE54-9A1E7A4F7556}") = "01. Clock", "01. Clock\01. Clock.csproj", "{E24D4251-DCAE-4018-A207-18A22A45CC71}"
EndProject
Project("{9A19103F-16F7-4668-BE54-9A1E7A4F7556}") = "02. Multiplication Table", "02. Multiplication Table\02. Multiplication Table.csproj", "{E994B3D6-72FB-4BC7-9B5B-211A244D5F85}"
EndProject
Project("{9A19103F-16F7-4668-BE54-9A1E7A4F7556}") = "03. Combinations", "03. Combinations\03. Combinations.csproj", "{EFDE8056-0B79-400C-9D9E-1F801B587B43}"
EndProject
Project("{9A19103F-16F7-4668-BE54-9A1E7A4F7556}") = "04. Sum of Two Numbers", "04. Sum of Two Numbers\04. Sum of Two Numbers.csproj", "{ED3124A6-921F-46F1-8761-D486AB60C696}"
EndProject
Project("{FAE04EC0-301F-11D3-BF4B-00C04F79EFBC}") = "07. Building", "07. Building\07. Building.csproj", "{ECFB33CA-7B56-486D-BFCF-22F6FE8C3E99}"
EndProject
Project("{FAE04EC0-301F-11D3-BF4B-00C04F79EFBC}") = "08. Cinema Tickets", "08. Cinema Tickets\08. Cinema Tickets.csproj", "{FAD8223D-413F-4B75-B88F-A2E207A5BCF9}"
EndProject
Global
	GlobalSection(SolutionConfigurationPlatforms) = preSolution
		Debug|Any CPU = Debug|Any CPU
		Release|Any CPU = Release|Any CPU
	EndGlobalSection
	GlobalSection(ProjectConfigurationPlatforms) = postSolution
		{0C60B8F7-4B8A-49F8-894C-C675D370F380}.Debug|Any CPU.ActiveCfg = Debug|Any CPU
		{0C60B8F7-4B8A-49F8-894C-C675D370F380}.Debug|Any CPU.Build.0 = Debug|Any CPU
		{0C60B8F7-4B8A-49F8-894C-C675D370F380}.Release|Any CPU.ActiveCfg = Release|Any CPU
		{0C60B8F7-4B8A-49F8-894C-C675D370F380}.Release|Any CPU.Build.0 = Release|Any CPU
		{E24D4251-DCAE-4018-A207-18A22A45CC71}.Debug|Any CPU.ActiveCfg = Debug|Any CPU
		{E24D4251-DCAE-4018-A207-18A22A45CC71}.Debug|Any CPU.Build.0 = Debug|Any CPU
		{E24D4251-DCAE-4018-A207-18A22A45CC71}.Release|Any CPU.ActiveCfg = Release|Any CPU
		{E24D4251-DCAE-4018-A207-18A22A45CC71}.Release|Any CPU.Build.0 = Release|Any CPU
		{E994B3D6-72FB-4BC7-9B5B-211A244D5F85}.Debug|Any CPU.ActiveCfg = Debug|Any CPU
		{E994B3D6-72FB-4BC7-9B5B-211A244D5F85}.Debug|Any CPU.Build.0 = Debug|Any CPU
		{E994B3D6-72FB-4BC7-9B5B-211A244D5F85}.Release|Any CPU.ActiveCfg = Release|Any CPU
		{E994B3D6-72FB-4BC7-9B5B-211A244D5F85}.Release|Any CPU.Build.0 = Release|Any CPU
		{EFDE8056-0B79-400C-9D9E-1F801B587B43}.Debug|Any CPU.ActiveCfg = Debug|Any CPU
		{EFDE8056-0B79-400C-9D9E-1F801B587B43}.Debug|Any CPU.Build.0 = Debug|Any CPU
		{EFDE8056-0B79-400C-9D9E-1F801B587B43}.Release|Any CPU.ActiveCfg = Release|Any CPU
		{EFDE8056-0B79-400C-9D9E-1F801B587B43}.Release|Any CPU.Build.0 = Release|Any CPU
		{ED3124A6-921F-46F1-8761-D486AB60C696}.Debug|Any CPU.ActiveCfg = Debug|Any CPU
		{ED3124A6-921F-46F1-8761-D486AB60C696}.Debug|Any CPU.Build.0 = Debug|Any CPU
		{ED3124A6-921F-46F1-8761-D486AB60C696}.Release|Any CPU.ActiveCfg = Release|Any CPU
		{ED3124A6-921F-46F1-8761-D486AB60C696}.Release|Any CPU.Build.0 = Release|Any CPU
		{ECFB33CA-7B56-486D-BFCF-22F6FE8C3E99}.Debug|Any CPU.ActiveCfg = Debug|Any CPU
		{ECFB33CA-7B56-486D-BFCF-22F6FE8C3E99}.Debug|Any CPU.Build.0 = Debug|Any CPU
		{ECFB33CA-7B56-486D-BFCF-22F6FE8C3E99}.Release|Any CPU.ActiveCfg = Release|Any CPU
		{ECFB33CA-7B56-486D-BFCF-22F6FE8C3E99}.Release|Any CPU.Build.0 = Release|Any CPU
		{FAD8223D-413F-4B75-B88F-A2E207A5BCF9}.Debug|Any CPU.ActiveCfg = Debug|Any CPU
		{FAD8223D-413F-4B75-B88F-A2E207A5BCF9}.Debug|Any CPU.Build.0 = Debug|Any CPU
		{FAD8223D-413F-4B75-B88F-A2E207A5BCF9}.Release|Any CPU.ActiveCfg = Release|Any CPU
		{FAD8223D-413F-4B75-B88F-A2E207A5BCF9}.Release|Any CPU.Build.0 = Release|Any CPU
	EndGlobalSection
	GlobalSection(SolutionProperties) = preSolution
		HideSolutionNode = FALSE
	EndGlobalSection
	GlobalSection(ExtensibilityGlobals) = postSolution
		SolutionGuid = {FB25DF4E-3B35-4797-842D-3AC5C7C148AF}
	EndGlobalSection
EndGlobal
