
Microsoft Visual Studio Solution File, Format Version 12.00
# Visual Studio Version 16
VisualStudioVersion = 16.0.30105.148
MinimumVisualStudioVersion = 10.0.40219.1
Project("{9A19103F-16F7-4668-BE54-9A1E7A4F7556}") = "P01ListyIterator", "P01ListyIterator\P01ListyIterator.csproj", "{4BF5B610-6331-4BD8-8854-9CD25D0879FD}"
EndProject
Project("{9A19103F-16F7-4668-BE54-9A1E7A4F7556}") = "P03Stack", "P03Stack\P03Stack.csproj", "{88C55E1D-986B-4123-8959-AC08EA89F4F9}"
EndProject
Project("{9A19103F-16F7-4668-BE54-9A1E7A4F7556}") = "P04Froggy", "P04Froggy\P04Froggy.csproj", "{65D52C0A-43F5-4F54-B163-0919638C39A3}"
EndProject
Project("{9A19103F-16F7-4668-BE54-9A1E7A4F7556}") = "P05ComparingObjects", "P05ComparingObjects\P05ComparingObjects.csproj", "{BA758363-0C7D-4004-AFB1-39B9EC5B48A4}"
EndProject
Project("{FAE04EC0-301F-11D3-BF4B-00C04F79EFBC}") = "P06EqualityLogic", "P06EqualityLogic\P06EqualityLogic.csproj", "{E464871E-986E-4C1D-A192-831BAB8A8480}"
EndProject
Global
	GlobalSection(SolutionConfigurationPlatforms) = preSolution
		Debug|Any CPU = Debug|Any CPU
		Release|Any CPU = Release|Any CPU
	EndGlobalSection
	GlobalSection(ProjectConfigurationPlatforms) = postSolution
		{4BF5B610-6331-4BD8-8854-9CD25D0879FD}.Debug|Any CPU.ActiveCfg = Debug|Any CPU
		{4BF5B610-6331-4BD8-8854-9CD25D0879FD}.Debug|Any CPU.Build.0 = Debug|Any CPU
		{4BF5B610-6331-4BD8-8854-9CD25D0879FD}.Release|Any CPU.ActiveCfg = Release|Any CPU
		{4BF5B610-6331-4BD8-8854-9CD25D0879FD}.Release|Any CPU.Build.0 = Release|Any CPU
		{88C55E1D-986B-4123-8959-AC08EA89F4F9}.Debug|Any CPU.ActiveCfg = Debug|Any CPU
		{88C55E1D-986B-4123-8959-AC08EA89F4F9}.Debug|Any CPU.Build.0 = Debug|Any CPU
		{88C55E1D-986B-4123-8959-AC08EA89F4F9}.Release|Any CPU.ActiveCfg = Release|Any CPU
		{88C55E1D-986B-4123-8959-AC08EA89F4F9}.Release|Any CPU.Build.0 = Release|Any CPU
		{65D52C0A-43F5-4F54-B163-0919638C39A3}.Debug|Any CPU.ActiveCfg = Debug|Any CPU
		{65D52C0A-43F5-4F54-B163-0919638C39A3}.Debug|Any CPU.Build.0 = Debug|Any CPU
		{65D52C0A-43F5-4F54-B163-0919638C39A3}.Release|Any CPU.ActiveCfg = Release|Any CPU
		{65D52C0A-43F5-4F54-B163-0919638C39A3}.Release|Any CPU.Build.0 = Release|Any CPU
		{BA758363-0C7D-4004-AFB1-39B9EC5B48A4}.Debug|Any CPU.ActiveCfg = Debug|Any CPU
		{BA758363-0C7D-4004-AFB1-39B9EC5B48A4}.Debug|Any CPU.Build.0 = Debug|Any CPU
		{BA758363-0C7D-4004-AFB1-39B9EC5B48A4}.Release|Any CPU.ActiveCfg = Release|Any CPU
		{BA758363-0C7D-4004-AFB1-39B9EC5B48A4}.Release|Any CPU.Build.0 = Release|Any CPU
		{E464871E-986E-4C1D-A192-831BAB8A8480}.Debug|Any CPU.ActiveCfg = Debug|Any CPU
		{E464871E-986E-4C1D-A192-831BAB8A8480}.Debug|Any CPU.Build.0 = Debug|Any CPU
		{E464871E-986E-4C1D-A192-831BAB8A8480}.Release|Any CPU.ActiveCfg = Release|Any CPU
		{E464871E-986E-4C1D-A192-831BAB8A8480}.Release|Any CPU.Build.0 = Release|Any CPU
	EndGlobalSection
	GlobalSection(SolutionProperties) = preSolution
		HideSolutionNode = FALSE
	EndGlobalSection
	GlobalSection(ExtensibilityGlobals) = postSolution
		SolutionGuid = {6337167D-EF1E-4549-B7A3-29FF7870C4F9}
	EndGlobalSection
EndGlobal
