
Microsoft Visual Studio Solution File, Format Version 12.00
# Visual Studio Version 16
VisualStudioVersion = 16.0.29806.167
MinimumVisualStudioVersion = 10.0.40219.1
Project("{FAE04EC0-301F-11D3-BF4B-00C04F79EFBC}") = "01. Bombs", "01. Bombs\01. Bombs.csproj", "{F644C768-B7AF-484A-9156-9F91361BEE4F}"
EndProject
Project("{FAE04EC0-301F-11D3-BF4B-00C04F79EFBC}") = "02. Snake", "02. Snake\02. Snake.csproj", "{EE825851-A894-451C-882A-6F778FDC2F5F}"
EndProject
Global
	GlobalSection(SolutionConfigurationPlatforms) = preSolution
		Debug|Any CPU = Debug|Any CPU
		Release|Any CPU = Release|Any CPU
	EndGlobalSection
	GlobalSection(ProjectConfigurationPlatforms) = postSolution
		{F644C768-B7AF-484A-9156-9F91361BEE4F}.Debug|Any CPU.ActiveCfg = Debug|Any CPU
		{F644C768-B7AF-484A-9156-9F91361BEE4F}.Debug|Any CPU.Build.0 = Debug|Any CPU
		{F644C768-B7AF-484A-9156-9F91361BEE4F}.Release|Any CPU.ActiveCfg = Release|Any CPU
		{F644C768-B7AF-484A-9156-9F91361BEE4F}.Release|Any CPU.Build.0 = Release|Any CPU
		{EE825851-A894-451C-882A-6F778FDC2F5F}.Debug|Any CPU.ActiveCfg = Debug|Any CPU
		{EE825851-A894-451C-882A-6F778FDC2F5F}.Debug|Any CPU.Build.0 = Debug|Any CPU
		{EE825851-A894-451C-882A-6F778FDC2F5F}.Release|Any CPU.ActiveCfg = Release|Any CPU
		{EE825851-A894-451C-882A-6F778FDC2F5F}.Release|Any CPU.Build.0 = Release|Any CPU
	EndGlobalSection
	GlobalSection(SolutionProperties) = preSolution
		HideSolutionNode = FALSE
	EndGlobalSection
	GlobalSection(ExtensibilityGlobals) = postSolution
		SolutionGuid = {DF171EBF-EDBC-48DD-9C00-24FB442A9D24}
	EndGlobalSection
EndGlobal
