
Microsoft Visual Studio Solution File, Format Version 12.00
# Visual Studio Version 16
VisualStudioVersion = 16.0.30105.148
MinimumVisualStudioVersion = 10.0.40219.1
Project("{9A19103F-16F7-4668-BE54-9A1E7A4F7556}") = "Heroes", "Heroes.csproj", "{162B86F5-241A-4E4A-B464-31CBC68C416E}"
EndProject
Global
	GlobalSection(SolutionConfigurationPlatforms) = preSolution
		Debug|Any CPU = Debug|Any CPU
		Release|Any CPU = Release|Any CPU
	EndGlobalSection
	GlobalSection(ProjectConfigurationPlatforms) = postSolution
		{162B86F5-241A-4E4A-B464-31CBC68C416E}.Debug|Any CPU.ActiveCfg = Debug|Any CPU
		{162B86F5-241A-4E4A-B464-31CBC68C416E}.Debug|Any CPU.Build.0 = Debug|Any CPU
		{162B86F5-241A-4E4A-B464-31CBC68C416E}.Release|Any CPU.ActiveCfg = Release|Any CPU
		{162B86F5-241A-4E4A-B464-31CBC68C416E}.Release|Any CPU.Build.0 = Release|Any CPU
	EndGlobalSection
	GlobalSection(SolutionProperties) = preSolution
		HideSolutionNode = FALSE
	EndGlobalSection
	GlobalSection(ExtensibilityGlobals) = postSolution
		SolutionGuid = {3FA57E9D-CA60-4259-8AFC-F87FF6507F40}
	EndGlobalSection
EndGlobal
