
Microsoft Visual Studio Solution File, Format Version 12.00
# Visual Studio Version 16
VisualStudioVersion = 16.0.29806.167
MinimumVisualStudioVersion = 10.0.40219.1
Project("{9A19103F-16F7-4668-BE54-9A1E7A4F7556}") = "01. Secret Chat", "01. Secret Chat\01. Secret Chat.csproj", "{A648FB72-A69A-4C57-95B3-642D1A0BE2FA}"
EndProject
Project("{9A19103F-16F7-4668-BE54-9A1E7A4F7556}") = "02. Mirror Words", "02. Mirror Words\02. Mirror Words.csproj", "{C9ECDFB7-470A-4E8C-9F19-7BEB5E7AF670}"
EndProject
Project("{FAE04EC0-301F-11D3-BF4B-00C04F79EFBC}") = "03. Need for Speed III", "03. Need for Speed III\03. Need for Speed III.csproj", "{D02F52C6-DE0C-49B0-8C8A-08929D7B1FF4}"
EndProject
Global
	GlobalSection(SolutionConfigurationPlatforms) = preSolution
		Debug|Any CPU = Debug|Any CPU
		Release|Any CPU = Release|Any CPU
	EndGlobalSection
	GlobalSection(ProjectConfigurationPlatforms) = postSolution
		{A648FB72-A69A-4C57-95B3-642D1A0BE2FA}.Debug|Any CPU.ActiveCfg = Debug|Any CPU
		{A648FB72-A69A-4C57-95B3-642D1A0BE2FA}.Debug|Any CPU.Build.0 = Debug|Any CPU
		{A648FB72-A69A-4C57-95B3-642D1A0BE2FA}.Release|Any CPU.ActiveCfg = Release|Any CPU
		{A648FB72-A69A-4C57-95B3-642D1A0BE2FA}.Release|Any CPU.Build.0 = Release|Any CPU
		{C9ECDFB7-470A-4E8C-9F19-7BEB5E7AF670}.Debug|Any CPU.ActiveCfg = Debug|Any CPU
		{C9ECDFB7-470A-4E8C-9F19-7BEB5E7AF670}.Debug|Any CPU.Build.0 = Debug|Any CPU
		{C9ECDFB7-470A-4E8C-9F19-7BEB5E7AF670}.Release|Any CPU.ActiveCfg = Release|Any CPU
		{C9ECDFB7-470A-4E8C-9F19-7BEB5E7AF670}.Release|Any CPU.Build.0 = Release|Any CPU
		{D02F52C6-DE0C-49B0-8C8A-08929D7B1FF4}.Debug|Any CPU.ActiveCfg = Debug|Any CPU
		{D02F52C6-DE0C-49B0-8C8A-08929D7B1FF4}.Debug|Any CPU.Build.0 = Debug|Any CPU
		{D02F52C6-DE0C-49B0-8C8A-08929D7B1FF4}.Release|Any CPU.ActiveCfg = Release|Any CPU
		{D02F52C6-DE0C-49B0-8C8A-08929D7B1FF4}.Release|Any CPU.Build.0 = Release|Any CPU
	EndGlobalSection
	GlobalSection(SolutionProperties) = preSolution
		HideSolutionNode = FALSE
	EndGlobalSection
	GlobalSection(ExtensibilityGlobals) = postSolution
		SolutionGuid = {460FB373-B9EE-477F-B4BC-C3273C174D0E}
	EndGlobalSection
EndGlobal
