
Microsoft Visual Studio Solution File, Format Version 12.00
# Visual Studio Version 16
VisualStudioVersion = 16.0.29806.167
MinimumVisualStudioVersion = 10.0.40219.1
Project("{FAE04EC0-301F-11D3-BF4B-00C04F79EFBC}") = "01. Sign of Integer Numbers", "01. Sign of Integer Numbers\01. Sign of Integer Numbers.csproj", "{5A022014-F095-49D0-BF21-92504D40B631}"
EndProject
Project("{FAE04EC0-301F-11D3-BF4B-00C04F79EFBC}") = "02. Grades", "02. Grades\02. Grades.csproj", "{14D07EFD-4467-43F7-950D-FF4A23B5B61A}"
EndProject
Project("{FAE04EC0-301F-11D3-BF4B-00C04F79EFBC}") = "03. Calculations", "03. Calculations\03. Calculations.csproj", "{07298F37-8382-4676-96AF-E981FF561462}"
EndProject
Project("{FAE04EC0-301F-11D3-BF4B-00C04F79EFBC}") = "04. Printing Triangle", "04. Printing Triangle\04. Printing Triangle.csproj", "{8B1BBA8E-2486-466E-B146-00CA7BD2B716}"
EndProject
Project("{FAE04EC0-301F-11D3-BF4B-00C04F79EFBC}") = "05. Orders", "05. Orders\05. Orders.csproj", "{0CE6E5FD-E5F0-4276-B059-4F84AE891A3E}"
EndProject
Project("{FAE04EC0-301F-11D3-BF4B-00C04F79EFBC}") = "06. Calculate Rectangle Area", "06. Calculate Rectangle Area\06. Calculate Rectangle Area.csproj", "{5CED3890-1FB4-449D-A92A-01A562CF6AB4}"
EndProject
Project("{FAE04EC0-301F-11D3-BF4B-00C04F79EFBC}") = "07. Repeat String", "07. Repeat String\07. Repeat String.csproj", "{5216F217-2571-4BD8-825D-2A165FF3FE7D}"
EndProject
Project("{FAE04EC0-301F-11D3-BF4B-00C04F79EFBC}") = "08. Math Power", "08. Math Power\08. Math Power.csproj", "{90E4944C-729C-4C54-8216-B1A680752E05}"
EndProject
Project("{FAE04EC0-301F-11D3-BF4B-00C04F79EFBC}") = "09. Greater of Two Values", "09. Greater of Two Values\09. Greater of Two Values.csproj", "{175A394E-825F-414B-83D6-83D3E56A8F50}"
EndProject
Global
	GlobalSection(SolutionConfigurationPlatforms) = preSolution
		Debug|Any CPU = Debug|Any CPU
		Release|Any CPU = Release|Any CPU
	EndGlobalSection
	GlobalSection(ProjectConfigurationPlatforms) = postSolution
		{5A022014-F095-49D0-BF21-92504D40B631}.Debug|Any CPU.ActiveCfg = Debug|Any CPU
		{5A022014-F095-49D0-BF21-92504D40B631}.Debug|Any CPU.Build.0 = Debug|Any CPU
		{5A022014-F095-49D0-BF21-92504D40B631}.Release|Any CPU.ActiveCfg = Release|Any CPU
		{5A022014-F095-49D0-BF21-92504D40B631}.Release|Any CPU.Build.0 = Release|Any CPU
		{14D07EFD-4467-43F7-950D-FF4A23B5B61A}.Debug|Any CPU.ActiveCfg = Debug|Any CPU
		{14D07EFD-4467-43F7-950D-FF4A23B5B61A}.Debug|Any CPU.Build.0 = Debug|Any CPU
		{14D07EFD-4467-43F7-950D-FF4A23B5B61A}.Release|Any CPU.ActiveCfg = Release|Any CPU
		{14D07EFD-4467-43F7-950D-FF4A23B5B61A}.Release|Any CPU.Build.0 = Release|Any CPU
		{07298F37-8382-4676-96AF-E981FF561462}.Debug|Any CPU.ActiveCfg = Debug|Any CPU
		{07298F37-8382-4676-96AF-E981FF561462}.Debug|Any CPU.Build.0 = Debug|Any CPU
		{07298F37-8382-4676-96AF-E981FF561462}.Release|Any CPU.ActiveCfg = Release|Any CPU
		{07298F37-8382-4676-96AF-E981FF561462}.Release|Any CPU.Build.0 = Release|Any CPU
		{8B1BBA8E-2486-466E-B146-00CA7BD2B716}.Debug|Any CPU.ActiveCfg = Debug|Any CPU
		{8B1BBA8E-2486-466E-B146-00CA7BD2B716}.Debug|Any CPU.Build.0 = Debug|Any CPU
		{8B1BBA8E-2486-466E-B146-00CA7BD2B716}.Release|Any CPU.ActiveCfg = Release|Any CPU
		{8B1BBA8E-2486-466E-B146-00CA7BD2B716}.Release|Any CPU.Build.0 = Release|Any CPU
		{0CE6E5FD-E5F0-4276-B059-4F84AE891A3E}.Debug|Any CPU.ActiveCfg = Debug|Any CPU
		{0CE6E5FD-E5F0-4276-B059-4F84AE891A3E}.Debug|Any CPU.Build.0 = Debug|Any CPU
		{0CE6E5FD-E5F0-4276-B059-4F84AE891A3E}.Release|Any CPU.ActiveCfg = Release|Any CPU
		{0CE6E5FD-E5F0-4276-B059-4F84AE891A3E}.Release|Any CPU.Build.0 = Release|Any CPU
		{5CED3890-1FB4-449D-A92A-01A562CF6AB4}.Debug|Any CPU.ActiveCfg = Debug|Any CPU
		{5CED3890-1FB4-449D-A92A-01A562CF6AB4}.Debug|Any CPU.Build.0 = Debug|Any CPU
		{5CED3890-1FB4-449D-A92A-01A562CF6AB4}.Release|Any CPU.ActiveCfg = Release|Any CPU
		{5CED3890-1FB4-449D-A92A-01A562CF6AB4}.Release|Any CPU.Build.0 = Release|Any CPU
		{5216F217-2571-4BD8-825D-2A165FF3FE7D}.Debug|Any CPU.ActiveCfg = Debug|Any CPU
		{5216F217-2571-4BD8-825D-2A165FF3FE7D}.Debug|Any CPU.Build.0 = Debug|Any CPU
		{5216F217-2571-4BD8-825D-2A165FF3FE7D}.Release|Any CPU.ActiveCfg = Release|Any CPU
		{5216F217-2571-4BD8-825D-2A165FF3FE7D}.Release|Any CPU.Build.0 = Release|Any CPU
		{90E4944C-729C-4C54-8216-B1A680752E05}.Debug|Any CPU.ActiveCfg = Debug|Any CPU
		{90E4944C-729C-4C54-8216-B1A680752E05}.Debug|Any CPU.Build.0 = Debug|Any CPU
		{90E4944C-729C-4C54-8216-B1A680752E05}.Release|Any CPU.ActiveCfg = Release|Any CPU
		{90E4944C-729C-4C54-8216-B1A680752E05}.Release|Any CPU.Build.0 = Release|Any CPU
		{175A394E-825F-414B-83D6-83D3E56A8F50}.Debug|Any CPU.ActiveCfg = Debug|Any CPU
		{175A394E-825F-414B-83D6-83D3E56A8F50}.Debug|Any CPU.Build.0 = Debug|Any CPU
		{175A394E-825F-414B-83D6-83D3E56A8F50}.Release|Any CPU.ActiveCfg = Release|Any CPU
		{175A394E-825F-414B-83D6-83D3E56A8F50}.Release|Any CPU.Build.0 = Release|Any CPU
	EndGlobalSection
	GlobalSection(SolutionProperties) = preSolution
		HideSolutionNode = FALSE
	EndGlobalSection
	GlobalSection(ExtensibilityGlobals) = postSolution
		SolutionGuid = {746A1D5A-7E7C-4CA0-B35A-FA7575BEBD6C}
	EndGlobalSection
EndGlobal
