
Microsoft Visual Studio Solution File, Format Version 12.00
# Visual Studio Version 16
VisualStudioVersion = 16.0.29806.167
MinimumVisualStudioVersion = 10.0.40219.1
Project("{FAE04EC0-301F-11D3-BF4B-00C04F79EFBC}") = "01. Count Real Numbers", "01. Count Real Numbers\01. Count Real Numbers.csproj", "{845F4577-D4F4-4D5D-BEC8-9FB93480580A}"
EndProject
Project("{FAE04EC0-301F-11D3-BF4B-00C04F79EFBC}") = "02. Odd Occurrences", "02. Odd Occurrences\02. Odd Occurrences.csproj", "{FF48B7DB-8C53-4604-A839-4C0459891933}"
EndProject
Project("{FAE04EC0-301F-11D3-BF4B-00C04F79EFBC}") = "03. Word Synonyms", "03. Word Synonyms\03. Word Synonyms.csproj", "{087A7E14-3661-4AFF-BFEB-E7D3E66D4A84}"
EndProject
Project("{FAE04EC0-301F-11D3-BF4B-00C04F79EFBC}") = "04. Largest 3 Numbers", "04. Largest 3 Numbers\04. Largest 3 Numbers.csproj", "{EC0ED090-4690-4979-819D-5C48C0695336}"
EndProject
Project("{FAE04EC0-301F-11D3-BF4B-00C04F79EFBC}") = "05. Word Filter", "05. Word Filter\05. Word Filter.csproj", "{71857D19-D08C-44D5-8638-FA7C97F176B2}"
EndProject
Global
	GlobalSection(SolutionConfigurationPlatforms) = preSolution
		Debug|Any CPU = Debug|Any CPU
		Release|Any CPU = Release|Any CPU
	EndGlobalSection
	GlobalSection(ProjectConfigurationPlatforms) = postSolution
		{845F4577-D4F4-4D5D-BEC8-9FB93480580A}.Debug|Any CPU.ActiveCfg = Debug|Any CPU
		{845F4577-D4F4-4D5D-BEC8-9FB93480580A}.Debug|Any CPU.Build.0 = Debug|Any CPU
		{845F4577-D4F4-4D5D-BEC8-9FB93480580A}.Release|Any CPU.ActiveCfg = Release|Any CPU
		{845F4577-D4F4-4D5D-BEC8-9FB93480580A}.Release|Any CPU.Build.0 = Release|Any CPU
		{FF48B7DB-8C53-4604-A839-4C0459891933}.Debug|Any CPU.ActiveCfg = Debug|Any CPU
		{FF48B7DB-8C53-4604-A839-4C0459891933}.Debug|Any CPU.Build.0 = Debug|Any CPU
		{FF48B7DB-8C53-4604-A839-4C0459891933}.Release|Any CPU.ActiveCfg = Release|Any CPU
		{FF48B7DB-8C53-4604-A839-4C0459891933}.Release|Any CPU.Build.0 = Release|Any CPU
		{087A7E14-3661-4AFF-BFEB-E7D3E66D4A84}.Debug|Any CPU.ActiveCfg = Debug|Any CPU
		{087A7E14-3661-4AFF-BFEB-E7D3E66D4A84}.Debug|Any CPU.Build.0 = Debug|Any CPU
		{087A7E14-3661-4AFF-BFEB-E7D3E66D4A84}.Release|Any CPU.ActiveCfg = Release|Any CPU
		{087A7E14-3661-4AFF-BFEB-E7D3E66D4A84}.Release|Any CPU.Build.0 = Release|Any CPU
		{EC0ED090-4690-4979-819D-5C48C0695336}.Debug|Any CPU.ActiveCfg = Debug|Any CPU
		{EC0ED090-4690-4979-819D-5C48C0695336}.Debug|Any CPU.Build.0 = Debug|Any CPU
		{EC0ED090-4690-4979-819D-5C48C0695336}.Release|Any CPU.ActiveCfg = Release|Any CPU
		{EC0ED090-4690-4979-819D-5C48C0695336}.Release|Any CPU.Build.0 = Release|Any CPU
		{71857D19-D08C-44D5-8638-FA7C97F176B2}.Debug|Any CPU.ActiveCfg = Debug|Any CPU
		{71857D19-D08C-44D5-8638-FA7C97F176B2}.Debug|Any CPU.Build.0 = Debug|Any CPU
		{71857D19-D08C-44D5-8638-FA7C97F176B2}.Release|Any CPU.ActiveCfg = Release|Any CPU
		{71857D19-D08C-44D5-8638-FA7C97F176B2}.Release|Any CPU.Build.0 = Release|Any CPU
	EndGlobalSection
	GlobalSection(SolutionProperties) = preSolution
		HideSolutionNode = FALSE
	EndGlobalSection
	GlobalSection(ExtensibilityGlobals) = postSolution
		SolutionGuid = {867E1A97-269B-4172-A050-DF8163BDAA5D}
	EndGlobalSection
EndGlobal
