
Microsoft Visual Studio Solution File, Format Version 12.00
# Visual Studio Version 16
VisualStudioVersion = 16.0.29503.13
MinimumVisualStudioVersion = 10.0.40219.1
Project("{9A19103F-16F7-4668-BE54-9A1E7A4F7556}") = "01. Sum Seconds", "01. Sum Seconds\01. Sum Seconds.csproj", "{2AADE03D-50A6-4C08-ACDC-6E3831FD1F34}"
EndProject
Project("{9A19103F-16F7-4668-BE54-9A1E7A4F7556}") = "Pregovor", "Pregovor\Pregovor.csproj", "{41F28F2A-9448-4A5C-BE3C-5F33B2280E44}"
EndProject
Project("{9A19103F-16F7-4668-BE54-9A1E7A4F7556}") = "02. Bonus Score", "02. Bonus Score\02. Bonus Score.csproj", "{27B7D664-2633-4814-BEC4-52526FB8CB3A}"
EndProject
Project("{9A19103F-16F7-4668-BE54-9A1E7A4F7556}") = "05. Time + 15 Minutes", "05. Time + 15 Minutes\05. Time + 15 Minutes.csproj", "{527BF629-8E93-4C88-8620-068913C2593B}"
EndProject
Project("{9A19103F-16F7-4668-BE54-9A1E7A4F7556}") = "03. Speed Info", "03. Speed Info\03. Speed Info.csproj", "{A26CABE0-2069-4CB4-857F-72DE3A913C4F}"
EndProject
Project("{9A19103F-16F7-4668-BE54-9A1E7A4F7556}") = "07. World Swimming Record", "07. World Swimming Record\07. World Swimming Record.csproj", "{E20652ED-CC20-4D2F-8CC2-41F6E1FB6B6C}"
EndProject
Project("{9A19103F-16F7-4668-BE54-9A1E7A4F7556}") = "Test", "Test\Test.csproj", "{5225221E-762F-49DC-96A9-C49D0AAD423B}"
EndProject
Project("{9A19103F-16F7-4668-BE54-9A1E7A4F7556}") = "04. Metric Converter", "04. Metric Converter\04. Metric Converter.csproj", "{C9698902-73DB-4DAA-BD6F-E7F76106647C}"
EndProject
Project("{9A19103F-16F7-4668-BE54-9A1E7A4F7556}") = "06. Godzilla vs. Kong", "06. Godzilla vs. Kong\06. Godzilla vs. Kong.csproj", "{9A11B65C-F6E4-4EBA-83D3-53DC44D705A9}"
EndProject
Project("{FAE04EC0-301F-11D3-BF4B-00C04F79EFBC}") = "08. Scholarship", "08. Scholarship\08. Scholarship.csproj", "{BDC16FF6-BE45-4CAC-972B-3706892C3C2C}"
EndProject
Global
	GlobalSection(SolutionConfigurationPlatforms) = preSolution
		Debug|Any CPU = Debug|Any CPU
		Release|Any CPU = Release|Any CPU
	EndGlobalSection
	GlobalSection(ProjectConfigurationPlatforms) = postSolution
		{2AADE03D-50A6-4C08-ACDC-6E3831FD1F34}.Debug|Any CPU.ActiveCfg = Debug|Any CPU
		{2AADE03D-50A6-4C08-ACDC-6E3831FD1F34}.Debug|Any CPU.Build.0 = Debug|Any CPU
		{2AADE03D-50A6-4C08-ACDC-6E3831FD1F34}.Release|Any CPU.ActiveCfg = Release|Any CPU
		{2AADE03D-50A6-4C08-ACDC-6E3831FD1F34}.Release|Any CPU.Build.0 = Release|Any CPU
		{41F28F2A-9448-4A5C-BE3C-5F33B2280E44}.Debug|Any CPU.ActiveCfg = Debug|Any CPU
		{41F28F2A-9448-4A5C-BE3C-5F33B2280E44}.Debug|Any CPU.Build.0 = Debug|Any CPU
		{41F28F2A-9448-4A5C-BE3C-5F33B2280E44}.Release|Any CPU.ActiveCfg = Release|Any CPU
		{41F28F2A-9448-4A5C-BE3C-5F33B2280E44}.Release|Any CPU.Build.0 = Release|Any CPU
		{27B7D664-2633-4814-BEC4-52526FB8CB3A}.Debug|Any CPU.ActiveCfg = Debug|Any CPU
		{27B7D664-2633-4814-BEC4-52526FB8CB3A}.Debug|Any CPU.Build.0 = Debug|Any CPU
		{27B7D664-2633-4814-BEC4-52526FB8CB3A}.Release|Any CPU.ActiveCfg = Release|Any CPU
		{27B7D664-2633-4814-BEC4-52526FB8CB3A}.Release|Any CPU.Build.0 = Release|Any CPU
		{527BF629-8E93-4C88-8620-068913C2593B}.Debug|Any CPU.ActiveCfg = Debug|Any CPU
		{527BF629-8E93-4C88-8620-068913C2593B}.Debug|Any CPU.Build.0 = Debug|Any CPU
		{527BF629-8E93-4C88-8620-068913C2593B}.Release|Any CPU.ActiveCfg = Release|Any CPU
		{527BF629-8E93-4C88-8620-068913C2593B}.Release|Any CPU.Build.0 = Release|Any CPU
		{A26CABE0-2069-4CB4-857F-72DE3A913C4F}.Debug|Any CPU.ActiveCfg = Debug|Any CPU
		{A26CABE0-2069-4CB4-857F-72DE3A913C4F}.Debug|Any CPU.Build.0 = Debug|Any CPU
		{A26CABE0-2069-4CB4-857F-72DE3A913C4F}.Release|Any CPU.ActiveCfg = Release|Any CPU
		{A26CABE0-2069-4CB4-857F-72DE3A913C4F}.Release|Any CPU.Build.0 = Release|Any CPU
		{E20652ED-CC20-4D2F-8CC2-41F6E1FB6B6C}.Debug|Any CPU.ActiveCfg = Debug|Any CPU
		{E20652ED-CC20-4D2F-8CC2-41F6E1FB6B6C}.Debug|Any CPU.Build.0 = Debug|Any CPU
		{E20652ED-CC20-4D2F-8CC2-41F6E1FB6B6C}.Release|Any CPU.ActiveCfg = Release|Any CPU
		{E20652ED-CC20-4D2F-8CC2-41F6E1FB6B6C}.Release|Any CPU.Build.0 = Release|Any CPU
		{5225221E-762F-49DC-96A9-C49D0AAD423B}.Debug|Any CPU.ActiveCfg = Debug|Any CPU
		{5225221E-762F-49DC-96A9-C49D0AAD423B}.Debug|Any CPU.Build.0 = Debug|Any CPU
		{5225221E-762F-49DC-96A9-C49D0AAD423B}.Release|Any CPU.ActiveCfg = Release|Any CPU
		{5225221E-762F-49DC-96A9-C49D0AAD423B}.Release|Any CPU.Build.0 = Release|Any CPU
		{C9698902-73DB-4DAA-BD6F-E7F76106647C}.Debug|Any CPU.ActiveCfg = Debug|Any CPU
		{C9698902-73DB-4DAA-BD6F-E7F76106647C}.Debug|Any CPU.Build.0 = Debug|Any CPU
		{C9698902-73DB-4DAA-BD6F-E7F76106647C}.Release|Any CPU.ActiveCfg = Release|Any CPU
		{C9698902-73DB-4DAA-BD6F-E7F76106647C}.Release|Any CPU.Build.0 = Release|Any CPU
		{9A11B65C-F6E4-4EBA-83D3-53DC44D705A9}.Debug|Any CPU.ActiveCfg = Debug|Any CPU
		{9A11B65C-F6E4-4EBA-83D3-53DC44D705A9}.Debug|Any CPU.Build.0 = Debug|Any CPU
		{9A11B65C-F6E4-4EBA-83D3-53DC44D705A9}.Release|Any CPU.ActiveCfg = Release|Any CPU
		{9A11B65C-F6E4-4EBA-83D3-53DC44D705A9}.Release|Any CPU.Build.0 = Release|Any CPU
		{BDC16FF6-BE45-4CAC-972B-3706892C3C2C}.Debug|Any CPU.ActiveCfg = Debug|Any CPU
		{BDC16FF6-BE45-4CAC-972B-3706892C3C2C}.Debug|Any CPU.Build.0 = Debug|Any CPU
		{BDC16FF6-BE45-4CAC-972B-3706892C3C2C}.Release|Any CPU.ActiveCfg = Release|Any CPU
		{BDC16FF6-BE45-4CAC-972B-3706892C3C2C}.Release|Any CPU.Build.0 = Release|Any CPU
	EndGlobalSection
	GlobalSection(SolutionProperties) = preSolution
		HideSolutionNode = FALSE
	EndGlobalSection
	GlobalSection(ExtensibilityGlobals) = postSolution
		SolutionGuid = {8915A75D-13FE-46CA-B16A-32C503458010}
	EndGlobalSection
EndGlobal
