
Microsoft Visual Studio Solution File, Format Version 12.00
# Visual Studio Version 16
VisualStudioVersion = 16.0.29424.173
MinimumVisualStudioVersion = 10.0.40219.1
Project("{FAE04EC0-301F-11D3-BF4B-00C04F79EFBC}") = "Expression", "Expression\Expression.csproj", "{8CBE0203-A9E6-4CC4-8107-F720DD03ED93}"
EndProject
Global
	GlobalSection(SolutionConfigurationPlatforms) = preSolution
		Debug|Any CPU = Debug|Any CPU
		Release|Any CPU = Release|Any CPU
	EndGlobalSection
	GlobalSection(ProjectConfigurationPlatforms) = postSolution
		{8CBE0203-A9E6-4CC4-8107-F720DD03ED93}.Debug|Any CPU.ActiveCfg = Debug|Any CPU
		{8CBE0203-A9E6-4CC4-8107-F720DD03ED93}.Debug|Any CPU.Build.0 = Debug|Any CPU
		{8CBE0203-A9E6-4CC4-8107-F720DD03ED93}.Release|Any CPU.ActiveCfg = Release|Any CPU
		{8CBE0203-A9E6-4CC4-8107-F720DD03ED93}.Release|Any CPU.Build.0 = Release|Any CPU
	EndGlobalSection
	GlobalSection(SolutionProperties) = preSolution
		HideSolutionNode = FALSE
	EndGlobalSection
	GlobalSection(ExtensibilityGlobals) = postSolution
		SolutionGuid = {B7D422CC-C19B-4F8B-9C32-15E423CFB7BB}
	EndGlobalSection
EndGlobal
