
Microsoft Visual Studio Solution File, Format Version 12.00
# Visual Studio Version 16
VisualStudioVersion = 16.0.30105.148
MinimumVisualStudioVersion = 10.0.40219.1
Project("{9A19103F-16F7-4668-BE54-9A1E7A4F7556}") = "P01ClassBoxData", "P01ClassBoxData\P01ClassBoxData.csproj", "{AFC7D7AC-7326-4DC9-A57F-CF9911DF0A25}"
EndProject
Project("{9A19103F-16F7-4668-BE54-9A1E7A4F7556}") = "P03ShoppingSpree", "P03ShoppingSpree\P03ShoppingSpree.csproj", "{85CA138C-71AD-48D8-AFED-8B73CF88AA42}"
EndProject
Project("{FAE04EC0-301F-11D3-BF4B-00C04F79EFBC}") = "P04PizzaCalories", "P04PizzaCalories\P04PizzaCalories.csproj", "{475C0186-3E4A-43F4-8731-7D478DE03609}"
EndProject
Project("{FAE04EC0-301F-11D3-BF4B-00C04F79EFBC}") = "P05FootballTeamGenerator", "P05FootballTeamGenerator\P05FootballTeamGenerator.csproj", "{A429B7F8-C406-4D57-A74C-25319DAFD0CE}"
EndProject
Global
	GlobalSection(SolutionConfigurationPlatforms) = preSolution
		Debug|Any CPU = Debug|Any CPU
		Release|Any CPU = Release|Any CPU
	EndGlobalSection
	GlobalSection(ProjectConfigurationPlatforms) = postSolution
		{AFC7D7AC-7326-4DC9-A57F-CF9911DF0A25}.Debug|Any CPU.ActiveCfg = Debug|Any CPU
		{AFC7D7AC-7326-4DC9-A57F-CF9911DF0A25}.Debug|Any CPU.Build.0 = Debug|Any CPU
		{AFC7D7AC-7326-4DC9-A57F-CF9911DF0A25}.Release|Any CPU.ActiveCfg = Release|Any CPU
		{AFC7D7AC-7326-4DC9-A57F-CF9911DF0A25}.Release|Any CPU.Build.0 = Release|Any CPU
		{85CA138C-71AD-48D8-AFED-8B73CF88AA42}.Debug|Any CPU.ActiveCfg = Debug|Any CPU
		{85CA138C-71AD-48D8-AFED-8B73CF88AA42}.Debug|Any CPU.Build.0 = Debug|Any CPU
		{85CA138C-71AD-48D8-AFED-8B73CF88AA42}.Release|Any CPU.ActiveCfg = Release|Any CPU
		{85CA138C-71AD-48D8-AFED-8B73CF88AA42}.Release|Any CPU.Build.0 = Release|Any CPU
		{475C0186-3E4A-43F4-8731-7D478DE03609}.Debug|Any CPU.ActiveCfg = Debug|Any CPU
		{475C0186-3E4A-43F4-8731-7D478DE03609}.Debug|Any CPU.Build.0 = Debug|Any CPU
		{475C0186-3E4A-43F4-8731-7D478DE03609}.Release|Any CPU.ActiveCfg = Release|Any CPU
		{475C0186-3E4A-43F4-8731-7D478DE03609}.Release|Any CPU.Build.0 = Release|Any CPU
		{A429B7F8-C406-4D57-A74C-25319DAFD0CE}.Debug|Any CPU.ActiveCfg = Debug|Any CPU
		{A429B7F8-C406-4D57-A74C-25319DAFD0CE}.Debug|Any CPU.Build.0 = Debug|Any CPU
		{A429B7F8-C406-4D57-A74C-25319DAFD0CE}.Release|Any CPU.ActiveCfg = Release|Any CPU
		{A429B7F8-C406-4D57-A74C-25319DAFD0CE}.Release|Any CPU.Build.0 = Release|Any CPU
	EndGlobalSection
	GlobalSection(SolutionProperties) = preSolution
		HideSolutionNode = FALSE
	EndGlobalSection
	GlobalSection(ExtensibilityGlobals) = postSolution
		SolutionGuid = {0F672C5E-A413-45D0-8FE2-550966C8B0F0}
	EndGlobalSection
EndGlobal
