
Microsoft Visual Studio Solution File, Format Version 12.00
# Visual Studio Version 16
VisualStudioVersion = 16.0.30105.148
MinimumVisualStudioVersion = 10.0.40219.1
Project("{FAE04EC0-301F-11D3-BF4B-00C04F79EFBC}") = "01. Sort Even Numbers", "01. Sort Even Numbers\01. Sort Even Numbers.csproj", "{F83F8FC2-AB70-44D4-AF2F-4793C0E24ED7}"
EndProject
Project("{FAE04EC0-301F-11D3-BF4B-00C04F79EFBC}") = "02. Sum Numbers", "02. Sum Numbers\02. Sum Numbers.csproj", "{7A8F7B69-F238-4227-957A-0CFC85BA1969}"
EndProject
Project("{FAE04EC0-301F-11D3-BF4B-00C04F79EFBC}") = "03. Count Uppercase Words", "03. Count Uppercase Words\03. Count Uppercase Words.csproj", "{972058EE-A8F0-49B8-B5D9-07B3179E27CF}"
EndProject
Project("{FAE04EC0-301F-11D3-BF4B-00C04F79EFBC}") = "04. Add VAT", "04. Add VAT\04. Add VAT.csproj", "{532466E4-6A1F-4A96-821D-DDC0CA7651CA}"
EndProject
Project("{FAE04EC0-301F-11D3-BF4B-00C04F79EFBC}") = "05. Filter By Age", "05. Filter By Age\05. Filter By Age.csproj", "{723009B4-5DC9-4D2C-A8D9-7AD8AB100677}"
EndProject
Global
	GlobalSection(SolutionConfigurationPlatforms) = preSolution
		Debug|Any CPU = Debug|Any CPU
		Release|Any CPU = Release|Any CPU
	EndGlobalSection
	GlobalSection(ProjectConfigurationPlatforms) = postSolution
		{F83F8FC2-AB70-44D4-AF2F-4793C0E24ED7}.Debug|Any CPU.ActiveCfg = Debug|Any CPU
		{F83F8FC2-AB70-44D4-AF2F-4793C0E24ED7}.Debug|Any CPU.Build.0 = Debug|Any CPU
		{F83F8FC2-AB70-44D4-AF2F-4793C0E24ED7}.Release|Any CPU.ActiveCfg = Release|Any CPU
		{F83F8FC2-AB70-44D4-AF2F-4793C0E24ED7}.Release|Any CPU.Build.0 = Release|Any CPU
		{7A8F7B69-F238-4227-957A-0CFC85BA1969}.Debug|Any CPU.ActiveCfg = Debug|Any CPU
		{7A8F7B69-F238-4227-957A-0CFC85BA1969}.Debug|Any CPU.Build.0 = Debug|Any CPU
		{7A8F7B69-F238-4227-957A-0CFC85BA1969}.Release|Any CPU.ActiveCfg = Release|Any CPU
		{7A8F7B69-F238-4227-957A-0CFC85BA1969}.Release|Any CPU.Build.0 = Release|Any CPU
		{972058EE-A8F0-49B8-B5D9-07B3179E27CF}.Debug|Any CPU.ActiveCfg = Debug|Any CPU
		{972058EE-A8F0-49B8-B5D9-07B3179E27CF}.Debug|Any CPU.Build.0 = Debug|Any CPU
		{972058EE-A8F0-49B8-B5D9-07B3179E27CF}.Release|Any CPU.ActiveCfg = Release|Any CPU
		{972058EE-A8F0-49B8-B5D9-07B3179E27CF}.Release|Any CPU.Build.0 = Release|Any CPU
		{532466E4-6A1F-4A96-821D-DDC0CA7651CA}.Debug|Any CPU.ActiveCfg = Debug|Any CPU
		{532466E4-6A1F-4A96-821D-DDC0CA7651CA}.Debug|Any CPU.Build.0 = Debug|Any CPU
		{532466E4-6A1F-4A96-821D-DDC0CA7651CA}.Release|Any CPU.ActiveCfg = Release|Any CPU
		{532466E4-6A1F-4A96-821D-DDC0CA7651CA}.Release|Any CPU.Build.0 = Release|Any CPU
		{723009B4-5DC9-4D2C-A8D9-7AD8AB100677}.Debug|Any CPU.ActiveCfg = Debug|Any CPU
		{723009B4-5DC9-4D2C-A8D9-7AD8AB100677}.Debug|Any CPU.Build.0 = Debug|Any CPU
		{723009B4-5DC9-4D2C-A8D9-7AD8AB100677}.Release|Any CPU.ActiveCfg = Release|Any CPU
		{723009B4-5DC9-4D2C-A8D9-7AD8AB100677}.Release|Any CPU.Build.0 = Release|Any CPU
	EndGlobalSection
	GlobalSection(SolutionProperties) = preSolution
		HideSolutionNode = FALSE
	EndGlobalSection
	GlobalSection(ExtensibilityGlobals) = postSolution
		SolutionGuid = {F7B263F7-E5C0-49C4-BC02-5DEE1E5D598A}
	EndGlobalSection
EndGlobal
